<Solution>
  <Project Path="diplom.Data/diplom.Data.csproj" Id="1cacb11c-2f39-40ff-8a53-0ece1dce7db1" />
  <Project Path="diplom.Models/diplom.Models.csproj" Id="6284249e-0fa7-48ce-8006-c9f263332fdf" />
  <Project Path="diplom.Services/diplom.Services.csproj" Id="daec75cc-337d-4471-aecf-c7f9f58cc048" />
  <Project Path="diplom/diplom.csproj" Id="375806c0-703c-49eb-9861-defdef809714" />
</Solution>
